// !$*UTF8*$!
{
	archiveVersion = 1;
	classes = {
	};
	objectVersion = 50;
	objects = {

/* Begin PBXBuildFile section */
		AB4590A82553534B0007E1AB /* TripTableViewCell.swift in Sources */ = {isa = PBXBuildFile; fileRef = AB4590A72553534B0007E1AB /* TripTableViewCell.swift */; };
		AB4590E12560A11F0007E1AB /* DataModel.xcdatamodeld in Sources */ = {isa = PBXBuildFile; fileRef = AB4590DF2560A11F0007E1AB /* DataModel.xcdatamodeld */; };
		AB4590EB256206F70007E1AB /* Trip+CoreDataClass.swift in Sources */ = {isa = PBXBuildFile; fileRef = AB4590E9256206F70007E1AB /* Trip+CoreDataClass.swift */; };
		AB4590EC256206F70007E1AB /* Trip+CoreDataProperties.swift in Sources */ = {isa = PBXBuildFile; fileRef = AB4590EA256206F70007E1AB /* Trip+CoreDataProperties.swift */; };
		AB5A5ED7254CF89B00187407 /* TripTableViewController.swift in Sources */ = {isa = PBXBuildFile; fileRef = AB5A5ED6254CF89B00187407 /* TripTableViewController.swift */; };
		AB5A5EDA254CF95700187407 /* TripDetailViewController.swift in Sources */ = {isa = PBXBuildFile; fileRef = AB5A5ED9254CF95700187407 /* TripDetailViewController.swift */; };
		AB5A5EDD254CF96900187407 /* AddTripViewController.swift in Sources */ = {isa = PBXBuildFile; fileRef = AB5A5EDC254CF96900187407 /* AddTripViewController.swift */; };
		AB752DEB2546551E004B577E /* AppDelegate.swift in Sources */ = {isa = PBXBuildFile; fileRef = AB752DEA2546551E004B577E /* AppDelegate.swift */; };
		AB752DED2546551E004B577E /* SceneDelegate.swift in Sources */ = {isa = PBXBuildFile; fileRef = AB752DEC2546551E004B577E /* SceneDelegate.swift */; };
		AB752DF22546551E004B577E /* Main.storyboard in Resources */ = {isa = PBXBuildFile; fileRef = AB752DF02546551E004B577E /* Main.storyboard */; };
		AB752DF425465523004B577E /* Assets.xcassets in Resources */ = {isa = PBXBuildFile; fileRef = AB752DF325465523004B577E /* Assets.xcassets */; };
		AB752DF725465523004B577E /* LaunchScreen.storyboard in Resources */ = {isa = PBXBuildFile; fileRef = AB752DF525465523004B577E /* LaunchScreen.storyboard */; };
/* End PBXBuildFile section */

/* Begin PBXFileReference section */
		AB4590A72553534B0007E1AB /* TripTableViewCell.swift */ = {isa = PBXFileReference; lastKnownFileType = sourcecode.swift; path = TripTableViewCell.swift; sourceTree = "<group>"; };
		AB4590E02560A11F0007E1AB /* DataModel.xcdatamodel */ = {isa = PBXFileReference; lastKnownFileType = wrapper.xcdatamodel; path = DataModel.xcdatamodel; sourceTree = "<group>"; };
		AB4590E9256206F70007E1AB /* Trip+CoreDataClass.swift */ = {isa = PBXFileReference; lastKnownFileType = sourcecode.swift; path = "Trip+CoreDataClass.swift"; sourceTree = SOURCE_ROOT; };
		AB4590EA256206F70007E1AB /* Trip+CoreDataProperties.swift */ = {isa = PBXFileReference; lastKnownFileType = sourcecode.swift; path = "Trip+CoreDataProperties.swift"; sourceTree = SOURCE_ROOT; };
		AB5A5ED6254CF89B00187407 /* TripTableViewController.swift */ = {isa = PBXFileReference; lastKnownFileType = sourcecode.swift; path = TripTableViewController.swift; sourceTree = "<group>"; };
		AB5A5ED9254CF95700187407 /* TripDetailViewController.swift */ = {isa = PBXFileReference; lastKnownFileType = sourcecode.swift; path = TripDetailViewController.swift; sourceTree = "<group>"; };
		AB5A5EDC254CF96900187407 /* AddTripViewController.swift */ = {isa = PBXFileReference; lastKnownFileType = sourcecode.swift; path = AddTripViewController.swift; sourceTree = "<group>"; };
		AB752DE72546551E004B577E /* Traveler.app */ = {isa = PBXFileReference; explicitFileType = wrapper.application; includeInIndex = 0; path = Traveler.app; sourceTree = BUILT_PRODUCTS_DIR; };
		AB752DEA2546551E004B577E /* AppDelegate.swift */ = {isa = PBXFileReference; lastKnownFileType = sourcecode.swift; path = AppDelegate.swift; sourceTree = "<group>"; };
		AB752DEC2546551E004B577E /* SceneDelegate.swift */ = {isa = PBXFileReference; lastKnownFileType = sourcecode.swift; path = SceneDelegate.swift; sourceTree = "<group>"; };
		AB752DF12546551E004B577E /* Base */ = {isa = PBXFileReference; lastKnownFileType = file.storyboard; name = Base; path = Base.lproj/Main.storyboard; sourceTree = "<group>"; };
		AB752DF325465523004B577E /* Assets.xcassets */ = {isa = PBXFileReference; lastKnownFileType = folder.assetcatalog; path = Assets.xcassets; sourceTree = "<group>"; };
		AB752DF625465523004B577E /* Base */ = {isa = PBXFileReference; lastKnownFileType = file.storyboard; name = Base; path = Base.lproj/LaunchScreen.storyboard; sourceTree = "<group>"; };
		AB752DF825465523004B577E /* Info.plist */ = {isa = PBXFileReference; lastKnownFileType = text.plist.xml; path = Info.plist; sourceTree = "<group>"; };
/* End PBXFileReference section */

/* Begin PBXFrameworksBuildPhase section */
		AB752DE42546551E004B577E /* Frameworks */ = {
			isa = PBXFrameworksBuildPhase;
			buildActionMask = 2147483647;
			files = (
			);
			runOnlyForDeploymentPostprocessing = 0;
		};
/* End PBXFrameworksBuildPhase section */

/* Begin PBXGroup section */
		AB752DDE2546551E004B577E = {
			isa = PBXGroup;
			children = (
				AB752DE92546551E004B577E /* Traveler */,
				AB752DE82546551E004B577E /* Products */,
			);
			sourceTree = "<group>";
		};
		AB752DE82546551E004B577E /* Products */ = {
			isa = PBXGroup;
			children = (
				AB752DE72546551E004B577E /* Traveler.app */,
			);
			name = Products;
			sourceTree = "<group>";
		};
		AB752DE92546551E004B577E /* Traveler */ = {
			isa = PBXGroup;
			children = (
				AB4590E9256206F70007E1AB /* Trip+CoreDataClass.swift */,
				AB4590EA256206F70007E1AB /* Trip+CoreDataProperties.swift */,
				AB752DEA2546551E004B577E /* AppDelegate.swift */,
				AB752DEC2546551E004B577E /* SceneDelegate.swift */,
				AB5A5ED6254CF89B00187407 /* TripTableViewController.swift */,
				AB4590A72553534B0007E1AB /* TripTableViewCell.swift */,
				AB5A5ED9254CF95700187407 /* TripDetailViewController.swift */,
				AB5A5EDC254CF96900187407 /* AddTripViewController.swift */,
				AB752DF02546551E004B577E /* Main.storyboard */,
				AB752DF325465523004B577E /* Assets.xcassets */,
				AB752DF525465523004B577E /* LaunchScreen.storyboard */,
				AB752DF825465523004B577E /* Info.plist */,
				AB4590DF2560A11F0007E1AB /* DataModel.xcdatamodeld */,
			);
			path = Traveler;
			sourceTree = "<group>";
		};
/* End PBXGroup section */

/* Begin PBXNativeTarget section */
		AB752DE62546551E004B577E /* Traveler */ = {
			isa = PBXNativeTarget;
			buildConfigurationList = AB752DFB25465523004B577E /* Build configuration list for PBXNativeTarget "Traveler" */;
			buildPhases = (
				AB752DE32546551E004B577E /* Sources */,
				AB752DE42546551E004B577E /* Frameworks */,
				AB752DE52546551E004B577E /* Resources */,
			);
			buildRules = (
			);
			dependencies = (
			);
			name = Traveler;
			productName = Traveler;
			productReference = AB752DE72546551E004B577E /* Traveler.app */;
			productType = "com.apple.product-type.application";
		};
/* End PBXNativeTarget section */

/* Begin PBXProject section */
		AB752DDF2546551E004B577E /* Project object */ = {
			isa = PBXProject;
			attributes = {
				LastSwiftUpdateCheck = 1220;
				LastUpgradeCheck = 1220;
				TargetAttributes = {
					AB752DE62546551E004B577E = {
						CreatedOnToolsVersion = 12.2;
					};
				};
			};
			buildConfigurationList = AB752DE22546551E004B577E /* Build configuration list for PBXProject "Traveler" */;
			compatibilityVersion = "Xcode 9.3";
			developmentRegion = en;
			hasScannedForEncodings = 0;
			knownRegions = (
				en,
				Base,
			);
			mainGroup = AB752DDE2546551E004B577E;
			productRefGroup = AB752DE82546551E004B577E /* Products */;
			projectDirPath = "";
			projectRoot = "";
			targets = (
				AB752DE62546551E004B577E /* Traveler */,
			);
		};
/* End PBXProject section */

/* Begin PBXResourcesBuildPhase section */
		AB752DE52546551E004B577E /* Resources */ = {
			isa = PBXResourcesBuildPhase;
			buildActionMask = 2147483647;
			files = (
				AB752DF725465523004B577E /* LaunchScreen.storyboard in Resources */,
				AB752DF425465523004B577E /* Assets.xcassets in Resources */,
				AB752DF22546551E004B577E /* Main.storyboard in Resources */,
			);
			runOnlyForDeploymentPostprocessing = 0;
		};
/* End PBXResourcesBuildPhase section */

/* Begin PBXSourcesBuildPhase section */
		AB752DE32546551E004B577E /* Sources */ = {
			isa = PBXSourcesBuildPhase;
			buildActionMask = 2147483647;
			files = (
				AB5A5EDD254CF96900187407 /* AddTripViewController.swift in Sources */,
				AB4590E12560A11F0007E1AB /* DataModel.xcdatamodeld in Sources */,
				AB4590A82553534B0007E1AB /* TripTableViewCell.swift in Sources */,
				AB5A5EDA254CF95700187407 /* TripDetailViewController.swift in Sources */,
				AB5A5ED7254CF89B00187407 /* TripTableViewController.swift in Sources */,
				AB752DEB2546551E004B577E /* AppDelegate.swift in Sources */,
				AB752DED2546551E004B577E /* SceneDelegate.swift in Sources */,
				AB4590EB256206F70007E1AB /* Trip+CoreDataClass.swift in Sources */,
				AB4590EC256206F70007E1AB /* Trip+CoreDataProperties.swift in Sources */,
			);
			runOnlyForDeploymentPostprocessing = 0;
		};
/* End PBXSourcesBuildPhase section */

/* Begin PBXVariantGroup section */
		AB752DF02546551E004B577E /* Main.storyboard */ = {
			isa = PBXVariantGroup;
			children = (
				AB752DF12546551E004B577E /* Base */,
			);
			name = Main.storyboard;
			sourceTree = "<group>";
		};
		AB752DF525465523004B577E /* LaunchScreen.storyboard */ = {
			isa = PBXVariantGroup;
			children = (
				AB752DF625465523004B577E /* Base */,
			);
			name = LaunchScreen.storyboard;
			sourceTree = "<group>";
		};
/* End PBXVariantGroup section */

/* Begin XCBuildConfiguration section */
		AB752DF925465523004B577E /* Debug */ = {
			isa = XCBuildConfiguration;
			buildSettings = {
				ALWAYS_SEARCH_USER_PATHS = NO;
				CLANG_ANALYZER_NONNULL = YES;
				CLANG_ANALYZER_NUMBER_OBJECT_CONVERSION = YES_AGGRESSIVE;
				CLANG_CXX_LANGUAGE_STANDARD = "gnu++14";
				CLANG_CXX_LIBRARY = "libc++";
				CLANG_ENABLE_MODULES = YES;
				CLANG_ENABLE_OBJC_ARC = YES;
				CLANG_ENABLE_OBJC_WEAK = YES;
				CLANG_WARN_BLOCK_CAPTURE_AUTORELEASING = YES;
				CLANG_WARN_BOOL_CONVERSION = YES;
				CLANG_WARN_COMMA = YES;
				CLANG_WARN_CONSTANT_CONVERSION = YES;
				CLANG_WARN_DEPRECATED_OBJC_IMPLEMENTATIONS = YES;
				CLANG_WARN_DIRECT_OBJC_ISA_USAGE = YES_ERROR;
				CLANG_WARN_DOCUMENTATION_COMMENTS = YES;
				CLANG_WARN_EMPTY_BODY = YES;
				CLANG_WARN_ENUM_CONVERSION = YES;
				CLANG_WARN_INFINITE_RECURSION = YES;
				CLANG_WARN_INT_CONVERSION = YES;
				CLANG_WARN_NON_LITERAL_NULL_CONVERSION = YES;
				CLANG_WARN_OBJC_IMPLICIT_RETAIN_SELF = YES;
				CLANG_WARN_OBJC_LITERAL_CONVERSION = YES;
				CLANG_WARN_OBJC_ROOT_CLASS = YES_ERROR;
				CLANG_WARN_QUOTED_INCLUDE_IN_FRAMEWORK_HEADER = YES;
				CLANG_WARN_RANGE_LOOP_ANALYSIS = YES;
				CLANG_WARN_STRICT_PROTOTYPES = YES;
				CLANG_WARN_SUSPICIOUS_MOVE = YES;
				CLANG_WARN_UNGUARDED_AVAILABILITY = YES_AGGRESSIVE;
				CLANG_WARN_UNREACHABLE_CODE = YES;
				CLANG_WARN__DUPLICATE_METHOD_MATCH = YES;
				COPY_PHASE_STRIP = NO;
				DEBUG_INFORMATION_FORMAT = dwarf;
				ENABLE_STRICT_OBJC_MSGSEND = YES;
				ENABLE_TESTABILITY = YES;
				GCC_C_LANGUAGE_STANDARD = gnu11;
				GCC_DYNAMIC_NO_PIC = NO;
				GCC_NO_COMMON_BLOCKS = YES;
				GCC_OPTIMIZATION_LEVEL = 0;
				GCC_PREPROCESSOR_DEFINITIONS = (
					"DEBUG=1",
					"$(inherited)",
				);
				GCC_WARN_64_TO_32_BIT_CONVERSION = YES;
				GCC_WARN_ABOUT_RETURN_TYPE = YES_ERROR;
				GCC_WARN_UNDECLARED_SELECTOR = YES;
				GCC_WARN_UNINITIALIZED_AUTOS = YES_AGGRESSIVE;
				GCC_WARN_UNUSED_FUNCTION = YES;
				GCC_WARN_UNUSED_VARIABLE = YES;
				IPHONEOS_DEPLOYMENT_TARGET = 14.2;
				MTL_ENABLE_DEBUG_INFO = INCLUDE_SOURCE;
				MTL_FAST_MATH = YES;
				ONLY_ACTIVE_ARCH = YES;
				SDKROOT = iphoneos;
				SWIFT_ACTIVE_COMPILATION_CONDITIONS = DEBUG;
				SWIFT_OPTIMIZATION_LEVEL = "-Onone";
			};
			name = Debug;
		};
		AB752DFA25465523004B577E /* Release */ = {
			isa = XCBuildConfiguration;
			buildSettings = {
				ALWAYS_SEARCH_USER_PATHS = NO;
				CLANG_ANALYZER_NONNULL = YES;
				CLANG_ANALYZER_NUMBER_OBJECT_CONVERSION = YES_AGGRESSIVE;
				CLANG_CXX_LANGUAGE_STANDARD = "gnu++14";
				CLANG_CXX_LIBRARY = "libc++";
				CLANG_ENABLE_MODULES = YES;
				CLANG_ENABLE_OBJC_ARC = YES;
				CLANG_ENABLE_OBJC_WEAK = YES;
				CLANG_WARN_BLOCK_CAPTURE_AUTORELEASING = YES;
				CLANG_WARN_BOOL_CONVERSION = YES;
				CLANG_WARN_COMMA = YES;
				CLANG_WARN_CONSTANT_CONVERSION = YES;
				CLANG_WARN_DEPRECATED_OBJC_IMPLEMENTATIONS = YES;
				CLANG_WARN_DIRECT_OBJC_ISA_USAGE = YES_ERROR;
				CLANG_WARN_DOCUMENTATION_COMMENTS = YES;
				CLANG_WARN_EMPTY_BODY = YES;
				CLANG_WARN_ENUM_CONVERSION = YES;
				CLANG_WARN_INFINITE_RECURSION = YES;
				CLANG_WARN_INT_CONVERSION = YES;
				CLANG_WARN_NON_LITERAL_NULL_CONVERSION = YES;
				CLANG_WARN_OBJC_IMPLICIT_RETAIN_SELF = YES;
				CLANG_WARN_OBJC_LITERAL_CONVERSION = YES;
				CLANG_WARN_OBJC_ROOT_CLASS = YES_ERROR;
				CLANG_WARN_QUOTED_INCLUDE_IN_FRAMEWORK_HEADER = YES;
				CLANG_WARN_RANGE_LOOP_ANALYSIS = YES;
				CLANG_WARN_STRICT_PROTOTYPES = YES;
				CLANG_WARN_SUSPICIOUS_MOVE = YES;
				CLANG_WARN_UNGUARDED_AVAILABILITY = YES_AGGRESSIVE;
				CLANG_WARN_UNREACHABLE_CODE = YES;
				CLANG_WARN__DUPLICATE_METHOD_MATCH = YES;
				COPY_PHASE_STRIP = NO;
				DEBUG_INFORMATION_FORMAT = "dwarf-with-dsym";
				ENABLE_NS_ASSERTIONS = NO;
				ENABLE_STRICT_OBJC_MSGSEND = YES;
				GCC_C_LANGUAGE_STANDARD = gnu11;
				GCC_NO_COMMON_BLOCKS = YES;
				GCC_WARN_64_TO_32_BIT_CONVERSION = YES;
				GCC_WARN_ABOUT_RETURN_TYPE = YES_ERROR;
				GCC_WARN_UNDECLARED_SELECTOR = YES;
				GCC_WARN_UNINITIALIZED_AUTOS = YES_AGGRESSIVE;
				GCC_WARN_UNUSED_FUNCTION = YES;
				GCC_WARN_UNUSED_VARIABLE = YES;
				IPHONEOS_DEPLOYMENT_TARGET = 14.2;
				MTL_ENABLE_DEBUG_INFO = NO;
				MTL_FAST_MATH = YES;
				SDKROOT = iphoneos;
				SWIFT_COMPILATION_MODE = wholemodule;
				SWIFT_OPTIMIZATION_LEVEL = "-O";
				VALIDATE_PRODUCT = YES;
			};
			name = Release;
		};
		AB752DFC25465523004B577E /* Debug */ = {
			isa = XCBuildConfiguration;
			buildSettings = {
				ASSETCATALOG_COMPILER_APPICON_NAME = AppIcon;
				ASSETCATALOG_COMPILER_GLOBAL_ACCENT_COLOR_NAME = AccentColor;
				CODE_SIGN_STYLE = Automatic;
				DEVELOPMENT_TEAM = 93DDRL9XJZ;
				INFOPLIST_FILE = Traveler/Info.plist;
				IPHONEOS_DEPLOYMENT_TARGET = 13.0;
				LD_RUNPATH_SEARCH_PATHS = (
					"$(inherited)",
					"@executable_path/Frameworks",
				);
				PRODUCT_BUNDLE_IDENTIFIER = com.DrewBies.Traveler;
				PRODUCT_NAME = "$(TARGET_NAME)";
				SWIFT_VERSION = 5.0;
				TARGETED_DEVICE_FAMILY = "1,2";
			};
			name = Debug;
		};
		AB752DFD25465523004B577E /* Release */ = {
			isa = XCBuildConfiguration;
			buildSettings = {
				ASSETCATALOG_COMPILER_APPICON_NAME = AppIcon;
				ASSETCATALOG_COMPILER_GLOBAL_ACCENT_COLOR_NAME = AccentColor;
				CODE_SIGN_STYLE = Automatic;
				DEVELOPMENT_TEAM = 93DDRL9XJZ;
				INFOPLIST_FILE = Traveler/Info.plist;
				IPHONEOS_DEPLOYMENT_TARGET = 13.0;
				LD_RUNPATH_SEARCH_PATHS = (
					"$(inherited)",
					"@executable_path/Frameworks",
				);
				PRODUCT_BUNDLE_IDENTIFIER = com.DrewBies.Traveler;
				PRODUCT_NAME = "$(TARGET_NAME)";
				SWIFT_VERSION = 5.0;
				TARGETED_DEVICE_FAMILY = "1,2";
			};
			name = Release;
		};
/* End XCBuildConfiguration section */

/* Begin XCConfigurationList section */
		AB752DE22546551E004B577E /* Build configuration list for PBXProject "Traveler" */ = {
			isa = XCConfigurationList;
			buildConfigurations = (
				AB752DF925465523004B577E /* Debug */,
				AB752DFA25465523004B577E /* Release */,
			);
			defaultConfigurationIsVisible = 0;
			defaultConfigurationName = Release;
		};
		AB752DFB25465523004B577E /* Build configuration list for PBXNativeTarget "Traveler" */ = {
			isa = XCConfigurationList;
			buildConfigurations = (
				AB752DFC25465523004B577E /* Debug */,
				AB752DFD25465523004B577E /* Release */,
			);
			defaultConfigurationIsVisible = 0;
			defaultConfigurationName = Release;
		};
/* End XCConfigurationList section */

/* Begin XCVersionGroup section */
		AB4590DF2560A11F0007E1AB /* DataModel.xcdatamodeld */ = {
			isa = XCVersionGroup;
			children = (
				AB4590E02560A11F0007E1AB /* DataModel.xcdatamodel */,
			);
			currentVersion = AB4590E02560A11F0007E1AB /* DataModel.xcdatamodel */;
			path = DataModel.xcdatamodeld;
			sourceTree = "<group>";
			versionGroupType = wrapper.xcdatamodel;
		};
/* End XCVersionGroup section */
	};
	rootObject = AB752DDF2546551E004B577E /* Project object */;
}
